version = 1
revision = 1
requires-python = ">=3.13"

[[package]]
name = "agntcy-dir"
version = "0.1.0"
source = { editable = "../../dir-py" }
dependencies = [
    { name = "agntcy-dir-grpc-python" },
]

[package.metadata]
requires-dist = [{ name = "agntcy-dir-grpc-python", specifier = "==1.74.1.1.20250915124801+5c32f2c99bec" }]

[package.metadata.requires-dev]
dev = [
    { name = "pytest", specifier = ">=8.4.1" },
    { name = "uuid", specifier = ">=1.30" },
]

[[package]]
name = "agntcy-dir-grpc-python"
version = "1.74.1.1.20250915124801+5c32f2c99bec"
source = { registry = "https://buf.build/gen/python" }
dependencies = [
    { name = "agntcy-dir-protocolbuffers-python" },
    { name = "grpcio" },
]
wheels = [
    { url = "https://buf.build/gen/python/agntcy-dir-grpc-python/agntcy_dir_grpc_python-1.74.1.1.20250915124801+5c32f2c99bec-py3-none-any.whl" },
]

[[package]]
name = "agntcy-dir-protocolbuffers-pyi"
version = "32.1.0.1.20250915154105+152c4b7b4ec6"
source = { registry = "https://buf.build/gen/python" }
dependencies = [
    { name = "protobuf" },
    { name = "types-protobuf" },
]
wheels = [
    { url = "https://buf.build/gen/python/agntcy-dir-protocolbuffers-pyi/agntcy_dir_protocolbuffers_pyi-32.1.0.1.20250915154105+152c4b7b4ec6-py3-none-any.whl" },
]

[[package]]
name = "agntcy-dir-protocolbuffers-python"
version = "32.1.0.1.20250915154105+152c4b7b4ec6"
source = { registry = "https://buf.build/gen/python" }
dependencies = [
    { name = "agntcy-dir-protocolbuffers-pyi" },
    { name = "protobuf" },
]
wheels = [
    { url = "https://buf.build/gen/python/agntcy-dir-protocolbuffers-python/agntcy_dir_protocolbuffers_python-32.1.0.1.20250915154105+152c4b7b4ec6-py3-none-any.whl" },
]

[[package]]
name = "dir-example"
version = "0.0.0"
source = { virtual = "." }
dependencies = [
    { name = "agntcy-dir" },
]

[package.metadata]
requires-dist = [{ name = "agntcy-dir", editable = "../../dir-py" }]

[[package]]
name = "grpcio"
version = "1.74.0"
source = { registry = "https://pypi.org/simple" }
sdist = { url = "https://files.pythonhosted.org/packages/38/b4/35feb8f7cab7239c5b94bd2db71abb3d6adb5f335ad8f131abb6060840b6/grpcio-1.74.0.tar.gz", hash = "sha256:80d1f4fbb35b0742d3e3d3bb654b7381cd5f015f8497279a1e9c21ba623e01b1", size = 12756048 }
wheels = [
    { url = "https://files.pythonhosted.org/packages/d4/d8/1004a5f468715221450e66b051c839c2ce9a985aa3ee427422061fcbb6aa/grpcio-1.74.0-cp313-cp313-linux_armv7l.whl", hash = "sha256:2bc2d7d8d184e2362b53905cb1708c84cb16354771c04b490485fa07ce3a1d89", size = 5449488 },
    { url = "https://files.pythonhosted.org/packages/94/0e/33731a03f63740d7743dced423846c831d8e6da808fcd02821a4416df7fa/grpcio-1.74.0-cp313-cp313-macosx_11_0_universal2.whl", hash = "sha256:c14e803037e572c177ba54a3e090d6eb12efd795d49327c5ee2b3bddb836bf01", size = 10974059 },
    { url = "https://files.pythonhosted.org/packages/0d/c6/3d2c14d87771a421205bdca991467cfe473ee4c6a1231c1ede5248c62ab8/grpcio-1.74.0-cp313-cp313-manylinux_2_17_aarch64.whl", hash = "sha256:f6ec94f0e50eb8fa1744a731088b966427575e40c2944a980049798b127a687e", size = 5945647 },
    { url = "https://files.pythonhosted.org/packages/c5/83/5a354c8aaff58594eef7fffebae41a0f8995a6258bbc6809b800c33d4c13/grpcio-1.74.0-cp313-cp313-manylinux_2_17_i686.manylinux2014_i686.whl", hash = "sha256:566b9395b90cc3d0d0c6404bc8572c7c18786ede549cdb540ae27b58afe0fb91", size = 6626101 },
    { url = "https://files.pythonhosted.org/packages/3f/ca/4fdc7bf59bf6994aa45cbd4ef1055cd65e2884de6113dbd49f75498ddb08/grpcio-1.74.0-cp313-cp313-manylinux_2_17_x86_64.manylinux2014_x86_64.whl", hash = "sha256:e1ea6176d7dfd5b941ea01c2ec34de9531ba494d541fe2057c904e601879f249", size = 6182562 },
    { url = "https://files.pythonhosted.org/packages/fd/48/2869e5b2c1922583686f7ae674937986807c2f676d08be70d0a541316270/grpcio-1.74.0-cp313-cp313-musllinux_1_1_aarch64.whl", hash = "sha256:64229c1e9cea079420527fa8ac45d80fc1e8d3f94deaa35643c381fa8d98f362", size = 6303425 },
    { url = "https://files.pythonhosted.org/packages/a6/0e/bac93147b9a164f759497bc6913e74af1cb632c733c7af62c0336782bd38/grpcio-1.74.0-cp313-cp313-musllinux_1_1_i686.whl", hash = "sha256:0f87bddd6e27fc776aacf7ebfec367b6d49cad0455123951e4488ea99d9b9b8f", size = 6996533 },
    { url = "https://files.pythonhosted.org/packages/84/35/9f6b2503c1fd86d068b46818bbd7329db26a87cdd8c01e0d1a9abea1104c/grpcio-1.74.0-cp313-cp313-musllinux_1_1_x86_64.whl", hash = "sha256:3b03d8f2a07f0fea8c8f74deb59f8352b770e3900d143b3d1475effcb08eec20", size = 6491489 },
    { url = "https://files.pythonhosted.org/packages/75/33/a04e99be2a82c4cbc4039eb3a76f6c3632932b9d5d295221389d10ac9ca7/grpcio-1.74.0-cp313-cp313-win32.whl", hash = "sha256:b6a73b2ba83e663b2480a90b82fdae6a7aa6427f62bf43b29912c0cfd1aa2bfa", size = 3805811 },
    { url = "https://files.pythonhosted.org/packages/34/80/de3eb55eb581815342d097214bed4c59e806b05f1b3110df03b2280d6dfd/grpcio-1.74.0-cp313-cp313-win_amd64.whl", hash = "sha256:fd3c71aeee838299c5887230b8a1822795325ddfea635edd82954c1eaa831e24", size = 4489214 },
]

[[package]]
name = "protobuf"
version = "6.32.1"
source = { registry = "https://pypi.org/simple" }
sdist = { url = "https://files.pythonhosted.org/packages/fa/a4/cc17347aa2897568beece2e674674359f911d6fe21b0b8d6268cd42727ac/protobuf-6.32.1.tar.gz", hash = "sha256:ee2469e4a021474ab9baafea6cd070e5bf27c7d29433504ddea1a4ee5850f68d", size = 440635 }
wheels = [
    { url = "https://files.pythonhosted.org/packages/c0/98/645183ea03ab3995d29086b8bf4f7562ebd3d10c9a4b14ee3f20d47cfe50/protobuf-6.32.1-cp310-abi3-win32.whl", hash = "sha256:a8a32a84bc9f2aad712041b8b366190f71dde248926da517bde9e832e4412085", size = 424411 },
    { url = "https://files.pythonhosted.org/packages/8c/f3/6f58f841f6ebafe076cebeae33fc336e900619d34b1c93e4b5c97a81fdfa/protobuf-6.32.1-cp310-abi3-win_amd64.whl", hash = "sha256:b00a7d8c25fa471f16bc8153d0e53d6c9e827f0953f3c09aaa4331c718cae5e1", size = 435738 },
    { url = "https://files.pythonhosted.org/packages/10/56/a8a3f4e7190837139e68c7002ec749190a163af3e330f65d90309145a210/protobuf-6.32.1-cp39-abi3-macosx_10_9_universal2.whl", hash = "sha256:d8c7e6eb619ffdf105ee4ab76af5a68b60a9d0f66da3ea12d1640e6d8dab7281", size = 426454 },
    { url = "https://files.pythonhosted.org/packages/3f/be/8dd0a927c559b37d7a6c8ab79034fd167dcc1f851595f2e641ad62be8643/protobuf-6.32.1-cp39-abi3-manylinux2014_aarch64.whl", hash = "sha256:2f5b80a49e1eb7b86d85fcd23fe92df154b9730a725c3b38c4e43b9d77018bf4", size = 322874 },
    { url = "https://files.pythonhosted.org/packages/5c/f6/88d77011b605ef979aace37b7703e4eefad066f7e84d935e5a696515c2dd/protobuf-6.32.1-cp39-abi3-manylinux2014_x86_64.whl", hash = "sha256:b1864818300c297265c83a4982fd3169f97122c299f56a56e2445c3698d34710", size = 322013 },
    { url = "https://files.pythonhosted.org/packages/97/b7/15cc7d93443d6c6a84626ae3258a91f4c6ac8c0edd5df35ea7658f71b79c/protobuf-6.32.1-py3-none-any.whl", hash = "sha256:2601b779fc7d32a866c6b4404f9d42a3f67c5b9f3f15b4db3cccabe06b95c346", size = 169289 },
]

[[package]]
name = "types-protobuf"
version = "6.30.2.20250914"
source = { registry = "https://pypi.org/simple" }
sdist = { url = "https://files.pythonhosted.org/packages/36/d1/e12dad323fe6e2455b768828de288f60d5160f41dad5d31af8ef92a6acbb/types_protobuf-6.30.2.20250914.tar.gz", hash = "sha256:c2105326d0a52de3d33b84af0010d834ebbd4c17c50ff261fa82551ab75d9559", size = 62424 }
wheels = [
    { url = "https://files.pythonhosted.org/packages/6c/c4/3fcb1f8e03456a8a33a5dfb9f9788b0a91023e5fad6a37d46fc6831629a7/types_protobuf-6.30.2.20250914-py3-none-any.whl", hash = "sha256:cfc24977c0f38cf2896d918a59faed7650eb983be6070343a6204ac8ac0a297e", size = 76546 },
]
