version = 1
revision = 3
requires-python = ">=3.9"

[[package]]
name = "agntcy-dir-grpc-python"
version = "1.74.1.1.20250904070231+b2906e58eb12"
source = { registry = "https://buf.build/gen/python" }
dependencies = [
    { name = "agntcy-dir-protocolbuffers-python" },
    { name = "agntcy-oasf-grpc-python" },
    { name = "grpcio" },
]
wheels = [
    { url = "https://buf.build/gen/python/agntcy-dir-grpc-python/agntcy_dir_grpc_python-1.74.1.1.20250904070231+b2906e58eb12-py3-none-any.whl" },
]

[[package]]
name = "agntcy-dir-protocolbuffers-pyi"
version = "32.0.0.1.20250818093216+7b5f01ca9089"
source = { registry = "https://buf.build/gen/python" }
dependencies = [
    { name = "agntcy-oasf-protocolbuffers-pyi" },
    { name = "protobuf" },
    { name = "types-protobuf" },
]
wheels = [
    { url = "https://buf.build/gen/python/agntcy-dir-protocolbuffers-pyi/agntcy_dir_protocolbuffers_pyi-32.0.0.1.20250818093216+7b5f01ca9089-py3-none-any.whl" },
]

[[package]]
name = "agntcy-dir-protocolbuffers-python"
version = "32.0.0.1.20250818093216+7b5f01ca9089"
source = { registry = "https://buf.build/gen/python" }
dependencies = [
    { name = "agntcy-dir-protocolbuffers-pyi" },
    { name = "agntcy-oasf-protocolbuffers-python" },
    { name = "protobuf" },
]
wheels = [
    { url = "https://buf.build/gen/python/agntcy-dir-protocolbuffers-python/agntcy_dir_protocolbuffers_python-32.0.0.1.20250818093216+7b5f01ca9089-py3-none-any.whl" },
]

[[package]]
name = "agntcy-dir-sdk"
version = "0.1.10"
source = { virtual = "." }
dependencies = [
    { name = "agntcy-dir-grpc-python" },
]

[package.metadata]
requires-dist = [{ name = "agntcy-dir-grpc-python", specifier = "==1.74.1.1.20250904070231+b2906e58eb12" }]

[[package]]
name = "agntcy-oasf-grpc-python"
version = "1.74.1.1.20250903081957+6f94bdb7ac29"
source = { registry = "https://buf.build/gen/python" }
dependencies = [
    { name = "agntcy-oasf-protocolbuffers-python" },
    { name = "grpcio" },
]
wheels = [
    { url = "https://buf.build/gen/python/agntcy-oasf-grpc-python/agntcy_oasf_grpc_python-1.74.1.1.20250903081957+6f94bdb7ac29-py3-none-any.whl" },
]

[[package]]
name = "agntcy-oasf-protocolbuffers-pyi"
version = "32.0.0.1.20250815145957+677fb6c59174"
source = { registry = "https://buf.build/gen/python" }
dependencies = [
    { name = "protobuf" },
    { name = "types-protobuf" },
]
wheels = [
    { url = "https://buf.build/gen/python/agntcy-oasf-protocolbuffers-pyi/agntcy_oasf_protocolbuffers_pyi-32.0.0.1.20250815145957+677fb6c59174-py3-none-any.whl" },
]

[[package]]
name = "agntcy-oasf-protocolbuffers-python"
version = "32.0.0.1.20250815145957+677fb6c59174"
source = { registry = "https://buf.build/gen/python" }
dependencies = [
    { name = "agntcy-oasf-protocolbuffers-pyi" },
    { name = "protobuf" },
]
wheels = [
    { url = "https://buf.build/gen/python/agntcy-oasf-protocolbuffers-python/agntcy_oasf_protocolbuffers_python-32.0.0.1.20250815145957+677fb6c59174-py3-none-any.whl" },
]

[[package]]
name = "grpcio"
version = "1.73.1"
source = { registry = "https://pypi.org/simple" }
sdist = { url = "https://files.pythonhosted.org/packages/79/e8/b43b851537da2e2f03fa8be1aef207e5cbfb1a2e014fbb6b40d24c177cd3/grpcio-1.73.1.tar.gz", hash = "sha256:7fce2cd1c0c1116cf3850564ebfc3264fba75d3c74a7414373f1238ea365ef87", size = 12730355, upload-time = "2025-06-26T01:53:24.622Z" }
wheels = [
    { url = "https://files.pythonhosted.org/packages/8f/51/a5748ab2773d893d099b92653039672f7e26dd35741020972b84d604066f/grpcio-1.73.1-cp310-cp310-linux_armv7l.whl", hash = "sha256:2d70f4ddd0a823436c2624640570ed6097e40935c9194482475fe8e3d9754d55", size = 5365087, upload-time = "2025-06-26T01:51:44.541Z" },
    { url = "https://files.pythonhosted.org/packages/ae/12/c5ee1a5dfe93dbc2eaa42a219e2bf887250b52e2e2ee5c036c4695f2769c/grpcio-1.73.1-cp310-cp310-macosx_11_0_universal2.whl", hash = "sha256:3841a8a5a66830261ab6a3c2a3dc539ed84e4ab019165f77b3eeb9f0ba621f26", size = 10608921, upload-time = "2025-06-26T01:51:48.111Z" },
    { url = "https://files.pythonhosted.org/packages/c4/6d/b0c6a8120f02b7d15c5accda6bfc43bc92be70ada3af3ba6d8e077c00374/grpcio-1.73.1-cp310-cp310-manylinux_2_17_aarch64.whl", hash = "sha256:628c30f8e77e0258ab788750ec92059fc3d6628590fb4b7cea8c102503623ed7", size = 5803221, upload-time = "2025-06-26T01:51:50.486Z" },
    { url = "https://files.pythonhosted.org/packages/a6/7a/3c886d9f1c1e416ae81f7f9c7d1995ae72cd64712d29dab74a6bafacb2d2/grpcio-1.73.1-cp310-cp310-manylinux_2_17_i686.manylinux2014_i686.whl", hash = "sha256:67a0468256c9db6d5ecb1fde4bf409d016f42cef649323f0a08a72f352d1358b", size = 6444603, upload-time = "2025-06-26T01:51:52.203Z" },
    { url = "https://files.pythonhosted.org/packages/42/07/f143a2ff534982c9caa1febcad1c1073cdec732f6ac7545d85555a900a7e/grpcio-1.73.1-cp310-cp310-manylinux_2_17_x86_64.manylinux2014_x86_64.whl", hash = "sha256:68b84d65bbdebd5926eb5c53b0b9ec3b3f83408a30e4c20c373c5337b4219ec5", size = 6040969, upload-time = "2025-06-26T01:51:55.028Z" },
    { url = "https://files.pythonhosted.org/packages/fb/0f/523131b7c9196d0718e7b2dac0310eb307b4117bdbfef62382e760f7e8bb/grpcio-1.73.1-cp310-cp310-musllinux_1_1_aarch64.whl", hash = "sha256:c54796ca22b8349cc594d18b01099e39f2b7ffb586ad83217655781a350ce4da", size = 6132201, upload-time = "2025-06-26T01:51:56.867Z" },
    { url = "https://files.pythonhosted.org/packages/ad/18/010a055410eef1d3a7a1e477ec9d93b091ac664ad93e9c5f56d6cc04bdee/grpcio-1.73.1-cp310-cp310-musllinux_1_1_i686.whl", hash = "sha256:75fc8e543962ece2f7ecd32ada2d44c0c8570ae73ec92869f9af8b944863116d", size = 6774718, upload-time = "2025-06-26T01:51:58.338Z" },
    { url = "https://files.pythonhosted.org/packages/16/11/452bfc1ab39d8ee748837ab8ee56beeae0290861052948785c2c445fb44b/grpcio-1.73.1-cp310-cp310-musllinux_1_1_x86_64.whl", hash = "sha256:6a6037891cd2b1dd1406b388660522e1565ed340b1fea2955b0234bdd941a862", size = 6304362, upload-time = "2025-06-26T01:51:59.802Z" },
    { url = "https://files.pythonhosted.org/packages/1e/1c/c75ceee626465721e5cb040cf4b271eff817aa97388948660884cb7adffa/grpcio-1.73.1-cp310-cp310-win32.whl", hash = "sha256:cce7265b9617168c2d08ae570fcc2af4eaf72e84f8c710ca657cc546115263af", size = 3679036, upload-time = "2025-06-26T01:52:01.817Z" },
    { url = "https://files.pythonhosted.org/packages/62/2e/42cb31b6cbd671a7b3dbd97ef33f59088cf60e3cf2141368282e26fafe79/grpcio-1.73.1-cp310-cp310-win_amd64.whl", hash = "sha256:6a2b372e65fad38842050943f42ce8fee00c6f2e8ea4f7754ba7478d26a356ee", size = 4340208, upload-time = "2025-06-26T01:52:03.674Z" },
    { url = "https://files.pythonhosted.org/packages/e4/41/921565815e871d84043e73e2c0e748f0318dab6fa9be872cd042778f14a9/grpcio-1.73.1-cp311-cp311-linux_armv7l.whl", hash = "sha256:ba2cea9f7ae4bc21f42015f0ec98f69ae4179848ad744b210e7685112fa507a1", size = 5363853, upload-time = "2025-06-26T01:52:05.5Z" },
    { url = "https://files.pythonhosted.org/packages/b0/cc/9c51109c71d068e4d474becf5f5d43c9d63038cec1b74112978000fa72f4/grpcio-1.73.1-cp311-cp311-macosx_11_0_universal2.whl", hash = "sha256:d74c3f4f37b79e746271aa6cdb3a1d7e4432aea38735542b23adcabaaee0c097", size = 10621476, upload-time = "2025-06-26T01:52:07.211Z" },
    { url = "https://files.pythonhosted.org/packages/8f/d3/33d738a06f6dbd4943f4d377468f8299941a7c8c6ac8a385e4cef4dd3c93/grpcio-1.73.1-cp311-cp311-manylinux_2_17_aarch64.whl", hash = "sha256:5b9b1805a7d61c9e90541cbe8dfe0a593dfc8c5c3a43fe623701b6a01b01d710", size = 5807903, upload-time = "2025-06-26T01:52:09.466Z" },
    { url = "https://files.pythonhosted.org/packages/5d/47/36deacd3c967b74e0265f4c608983e897d8bb3254b920f8eafdf60e4ad7e/grpcio-1.73.1-cp311-cp311-manylinux_2_17_i686.manylinux2014_i686.whl", hash = "sha256:b3215f69a0670a8cfa2ab53236d9e8026bfb7ead5d4baabe7d7dc11d30fda967", size = 6448172, upload-time = "2025-06-26T01:52:11.459Z" },
    { url = "https://files.pythonhosted.org/packages/0e/64/12d6dc446021684ee1428ea56a3f3712048a18beeadbdefa06e6f8814a6e/grpcio-1.73.1-cp311-cp311-manylinux_2_17_x86_64.manylinux2014_x86_64.whl", hash = "sha256:bc5eccfd9577a5dc7d5612b2ba90cca4ad14c6d949216c68585fdec9848befb1", size = 6044226, upload-time = "2025-06-26T01:52:12.987Z" },
    { url = "https://files.pythonhosted.org/packages/72/4b/6bae2d88a006000f1152d2c9c10ffd41d0131ca1198e0b661101c2e30ab9/grpcio-1.73.1-cp311-cp311-musllinux_1_1_aarch64.whl", hash = "sha256:dc7d7fd520614fce2e6455ba89791458020a39716951c7c07694f9dbae28e9c0", size = 6135690, upload-time = "2025-06-26T01:52:14.92Z" },
    { url = "https://files.pythonhosted.org/packages/38/64/02c83b5076510784d1305025e93e0d78f53bb6a0213c8c84cfe8a00c5c48/grpcio-1.73.1-cp311-cp311-musllinux_1_1_i686.whl", hash = "sha256:105492124828911f85127e4825d1c1234b032cb9d238567876b5515d01151379", size = 6775867, upload-time = "2025-06-26T01:52:16.446Z" },
    { url = "https://files.pythonhosted.org/packages/42/72/a13ff7ba6c68ccffa35dacdc06373a76c0008fd75777cba84d7491956620/grpcio-1.73.1-cp311-cp311-musllinux_1_1_x86_64.whl", hash = "sha256:610e19b04f452ba6f402ac9aa94eb3d21fbc94553368008af634812c4a85a99e", size = 6308380, upload-time = "2025-06-26T01:52:18.417Z" },
    { url = "https://files.pythonhosted.org/packages/65/ae/d29d948021faa0070ec33245c1ae354e2aefabd97e6a9a7b6dcf0fb8ef6b/grpcio-1.73.1-cp311-cp311-win32.whl", hash = "sha256:d60588ab6ba0ac753761ee0e5b30a29398306401bfbceffe7d68ebb21193f9d4", size = 3679139, upload-time = "2025-06-26T01:52:20.171Z" },
    { url = "https://files.pythonhosted.org/packages/af/66/e1bbb0c95ea222947f0829b3db7692c59b59bcc531df84442e413fa983d9/grpcio-1.73.1-cp311-cp311-win_amd64.whl", hash = "sha256:6957025a4608bb0a5ff42abd75bfbb2ed99eda29d5992ef31d691ab54b753643", size = 4342558, upload-time = "2025-06-26T01:52:22.137Z" },
    { url = "https://files.pythonhosted.org/packages/b8/41/456caf570c55d5ac26f4c1f2db1f2ac1467d5bf3bcd660cba3e0a25b195f/grpcio-1.73.1-cp312-cp312-linux_armv7l.whl", hash = "sha256:921b25618b084e75d424a9f8e6403bfeb7abef074bb6c3174701e0f2542debcf", size = 5334621, upload-time = "2025-06-26T01:52:23.602Z" },
    { url = "https://files.pythonhosted.org/packages/2a/c2/9a15e179e49f235bb5e63b01590658c03747a43c9775e20c4e13ca04f4c4/grpcio-1.73.1-cp312-cp312-macosx_11_0_universal2.whl", hash = "sha256:277b426a0ed341e8447fbf6c1d6b68c952adddf585ea4685aa563de0f03df887", size = 10601131, upload-time = "2025-06-26T01:52:25.691Z" },
    { url = "https://files.pythonhosted.org/packages/0c/1d/1d39e90ef6348a0964caa7c5c4d05f3bae2c51ab429eb7d2e21198ac9b6d/grpcio-1.73.1-cp312-cp312-manylinux_2_17_aarch64.whl", hash = "sha256:96c112333309493c10e118d92f04594f9055774757f5d101b39f8150f8c25582", size = 5759268, upload-time = "2025-06-26T01:52:27.631Z" },
    { url = "https://files.pythonhosted.org/packages/8a/2b/2dfe9ae43de75616177bc576df4c36d6401e0959833b2e5b2d58d50c1f6b/grpcio-1.73.1-cp312-cp312-manylinux_2_17_i686.manylinux2014_i686.whl", hash = "sha256:f48e862aed925ae987eb7084409a80985de75243389dc9d9c271dd711e589918", size = 6409791, upload-time = "2025-06-26T01:52:29.711Z" },
    { url = "https://files.pythonhosted.org/packages/6e/66/e8fe779b23b5a26d1b6949e5c70bc0a5fd08f61a6ec5ac7760d589229511/grpcio-1.73.1-cp312-cp312-manylinux_2_17_x86_64.manylinux2014_x86_64.whl", hash = "sha256:83a6c2cce218e28f5040429835fa34a29319071079e3169f9543c3fbeff166d2", size = 6003728, upload-time = "2025-06-26T01:52:31.352Z" },
    { url = "https://files.pythonhosted.org/packages/a9/39/57a18fcef567784108c4fc3f5441cb9938ae5a51378505aafe81e8e15ecc/grpcio-1.73.1-cp312-cp312-musllinux_1_1_aarch64.whl", hash = "sha256:65b0458a10b100d815a8426b1442bd17001fdb77ea13665b2f7dc9e8587fdc6b", size = 6103364, upload-time = "2025-06-26T01:52:33.028Z" },
    { url = "https://files.pythonhosted.org/packages/c5/46/28919d2aa038712fc399d02fa83e998abd8c1f46c2680c5689deca06d1b2/grpcio-1.73.1-cp312-cp312-musllinux_1_1_i686.whl", hash = "sha256:0a9f3ea8dce9eae9d7cb36827200133a72b37a63896e0e61a9d5ec7d61a59ab1", size = 6749194, upload-time = "2025-06-26T01:52:34.734Z" },
    { url = "https://files.pythonhosted.org/packages/3d/56/3898526f1fad588c5d19a29ea0a3a4996fb4fa7d7c02dc1be0c9fd188b62/grpcio-1.73.1-cp312-cp312-musllinux_1_1_x86_64.whl", hash = "sha256:de18769aea47f18e782bf6819a37c1c528914bfd5683b8782b9da356506190c8", size = 6283902, upload-time = "2025-06-26T01:52:36.503Z" },
    { url = "https://files.pythonhosted.org/packages/dc/64/18b77b89c5870d8ea91818feb0c3ffb5b31b48d1b0ee3e0f0d539730fea3/grpcio-1.73.1-cp312-cp312-win32.whl", hash = "sha256:24e06a5319e33041e322d32c62b1e728f18ab8c9dbc91729a3d9f9e3ed336642", size = 3668687, upload-time = "2025-06-26T01:52:38.678Z" },
    { url = "https://files.pythonhosted.org/packages/3c/52/302448ca6e52f2a77166b2e2ed75f5d08feca4f2145faf75cb768cccb25b/grpcio-1.73.1-cp312-cp312-win_amd64.whl", hash = "sha256:303c8135d8ab176f8038c14cc10d698ae1db9c480f2b2823f7a987aa2a4c5646", size = 4334887, upload-time = "2025-06-26T01:52:40.743Z" },
    { url = "https://files.pythonhosted.org/packages/37/bf/4ca20d1acbefabcaba633ab17f4244cbbe8eca877df01517207bd6655914/grpcio-1.73.1-cp313-cp313-linux_armv7l.whl", hash = "sha256:b310824ab5092cf74750ebd8a8a8981c1810cb2b363210e70d06ef37ad80d4f9", size = 5335615, upload-time = "2025-06-26T01:52:42.896Z" },
    { url = "https://files.pythonhosted.org/packages/75/ed/45c345f284abec5d4f6d77cbca9c52c39b554397eb7de7d2fcf440bcd049/grpcio-1.73.1-cp313-cp313-macosx_11_0_universal2.whl", hash = "sha256:8f5a6df3fba31a3485096ac85b2e34b9666ffb0590df0cd044f58694e6a1f6b5", size = 10595497, upload-time = "2025-06-26T01:52:44.695Z" },
    { url = "https://files.pythonhosted.org/packages/a4/75/bff2c2728018f546d812b755455014bc718f8cdcbf5c84f1f6e5494443a8/grpcio-1.73.1-cp313-cp313-manylinux_2_17_aarch64.whl", hash = "sha256:052e28fe9c41357da42250a91926a3e2f74c046575c070b69659467ca5aa976b", size = 5765321, upload-time = "2025-06-26T01:52:46.871Z" },
    { url = "https://files.pythonhosted.org/packages/70/3b/14e43158d3b81a38251b1d231dfb45a9b492d872102a919fbf7ba4ac20cd/grpcio-1.73.1-cp313-cp313-manylinux_2_17_i686.manylinux2014_i686.whl", hash = "sha256:1c0bf15f629b1497436596b1cbddddfa3234273490229ca29561209778ebe182", size = 6415436, upload-time = "2025-06-26T01:52:49.134Z" },
    { url = "https://files.pythonhosted.org/packages/e5/3f/81d9650ca40b54338336fd360f36773be8cb6c07c036e751d8996eb96598/grpcio-1.73.1-cp313-cp313-manylinux_2_17_x86_64.manylinux2014_x86_64.whl", hash = "sha256:0ab860d5bfa788c5a021fba264802e2593688cd965d1374d31d2b1a34cacd854", size = 6007012, upload-time = "2025-06-26T01:52:51.076Z" },
    { url = "https://files.pythonhosted.org/packages/55/f4/59edf5af68d684d0f4f7ad9462a418ac517201c238551529098c9aa28cb0/grpcio-1.73.1-cp313-cp313-musllinux_1_1_aarch64.whl", hash = "sha256:ad1d958c31cc91ab050bd8a91355480b8e0683e21176522bacea225ce51163f2", size = 6105209, upload-time = "2025-06-26T01:52:52.773Z" },
    { url = "https://files.pythonhosted.org/packages/e4/a8/700d034d5d0786a5ba14bfa9ce974ed4c976936c2748c2bd87aa50f69b36/grpcio-1.73.1-cp313-cp313-musllinux_1_1_i686.whl", hash = "sha256:f43ffb3bd415c57224c7427bfb9e6c46a0b6e998754bfa0d00f408e1873dcbb5", size = 6753655, upload-time = "2025-06-26T01:52:55.064Z" },
    { url = "https://files.pythonhosted.org/packages/1f/29/efbd4ac837c23bc48e34bbaf32bd429f0dc9ad7f80721cdb4622144c118c/grpcio-1.73.1-cp313-cp313-musllinux_1_1_x86_64.whl", hash = "sha256:686231cdd03a8a8055f798b2b54b19428cdf18fa1549bee92249b43607c42668", size = 6287288, upload-time = "2025-06-26T01:52:57.33Z" },
    { url = "https://files.pythonhosted.org/packages/d8/61/c6045d2ce16624bbe18b5d169c1a5ce4d6c3a47bc9d0e5c4fa6a50ed1239/grpcio-1.73.1-cp313-cp313-win32.whl", hash = "sha256:89018866a096e2ce21e05eabed1567479713ebe57b1db7cbb0f1e3b896793ba4", size = 3668151, upload-time = "2025-06-26T01:52:59.405Z" },
    { url = "https://files.pythonhosted.org/packages/c2/d7/77ac689216daee10de318db5aa1b88d159432dc76a130948a56b3aa671a2/grpcio-1.73.1-cp313-cp313-win_amd64.whl", hash = "sha256:4a68f8c9966b94dff693670a5cf2b54888a48a5011c5d9ce2295a1a1465ee84f", size = 4335747, upload-time = "2025-06-26T01:53:01.233Z" },
    { url = "https://files.pythonhosted.org/packages/58/c7/f552f0e79e7f585ff8c35b703342bd70a93a46fdf6d8b6574f33d39acb74/grpcio-1.73.1-cp39-cp39-linux_armv7l.whl", hash = "sha256:b4adc97d2d7f5c660a5498bda978ebb866066ad10097265a5da0511323ae9f50", size = 5363972, upload-time = "2025-06-26T01:53:03.185Z" },
    { url = "https://files.pythonhosted.org/packages/2c/63/226989531ea73030775ef87ac6c01460384f7c6ea7423e93383674e60a81/grpcio-1.73.1-cp39-cp39-macosx_11_0_universal2.whl", hash = "sha256:c45a28a0cfb6ddcc7dc50a29de44ecac53d115c3388b2782404218db51cb2df3", size = 10614120, upload-time = "2025-06-26T01:53:05.643Z" },
    { url = "https://files.pythonhosted.org/packages/45/63/12027d4a09b613efa481447f5d12a52804d77287325bbfeed39d72cf29da/grpcio-1.73.1-cp39-cp39-manylinux_2_17_aarch64.whl", hash = "sha256:10af9f2ab98a39f5b6c1896c6fc2036744b5b41d12739d48bed4c3e15b6cf900", size = 5804172, upload-time = "2025-06-26T01:53:07.828Z" },
    { url = "https://files.pythonhosted.org/packages/09/c5/a158c4fa26c0f203966664f37e52175c0c262772a8c39b78812b2e39a9e8/grpcio-1.73.1-cp39-cp39-manylinux_2_17_i686.manylinux2014_i686.whl", hash = "sha256:45cf17dcce5ebdb7b4fe9e86cb338fa99d7d1bb71defc78228e1ddf8d0de8cbb", size = 6445602, upload-time = "2025-06-26T01:53:09.657Z" },
    { url = "https://files.pythonhosted.org/packages/cb/e2/d6fb85964d52d30baace1a6b2fe1be7941882239ae1f1cda2aaa80827ccd/grpcio-1.73.1-cp39-cp39-manylinux_2_17_x86_64.manylinux2014_x86_64.whl", hash = "sha256:1c502c2e950fc7e8bf05c047e8a14522ef7babac59abbfde6dbf46b7a0d9c71e", size = 6041413, upload-time = "2025-06-26T01:53:11.591Z" },
    { url = "https://files.pythonhosted.org/packages/da/a6/8d06b3de85486ac71a49a656d7ff546974f3a5449ecb6178fd62a3251cdb/grpcio-1.73.1-cp39-cp39-musllinux_1_1_aarch64.whl", hash = "sha256:6abfc0f9153dc4924536f40336f88bd4fe7bd7494f028675e2e04291b8c2c62a", size = 6133190, upload-time = "2025-06-26T01:53:13.888Z" },
    { url = "https://files.pythonhosted.org/packages/5d/80/73f86bc940fd570f2486673424277bfdef8b0046309fd693856d31f1c1df/grpcio-1.73.1-cp39-cp39-musllinux_1_1_i686.whl", hash = "sha256:ed451a0e39c8e51eb1612b78686839efd1a920666d1666c1adfdb4fd51680c0f", size = 6775225, upload-time = "2025-06-26T01:53:15.718Z" },
    { url = "https://files.pythonhosted.org/packages/23/c5/722cfa1b6b5f747a2066291eb8ba3acbcd25f02ce9dc9088eafb7f92eb6d/grpcio-1.73.1-cp39-cp39-musllinux_1_1_x86_64.whl", hash = "sha256:07f08705a5505c9b5b0cbcbabafb96462b5a15b7236bbf6bbcc6b0b91e1cbd7e", size = 6305332, upload-time = "2025-06-26T01:53:18.363Z" },
    { url = "https://files.pythonhosted.org/packages/a9/d8/8ecdccf7759249a6d124c624e2b5a26176d44e91be78975c9aabbe81159b/grpcio-1.73.1-cp39-cp39-win32.whl", hash = "sha256:ad5c958cc3d98bb9d71714dc69f1c13aaf2f4b53e29d4cc3f1501ef2e4d129b2", size = 3680535, upload-time = "2025-06-26T01:53:20.266Z" },
    { url = "https://files.pythonhosted.org/packages/2c/d9/e7369ba582129094ecedb16f60e3cd250cd0fb0ea28adbdcf98002b4f80a/grpcio-1.73.1-cp39-cp39-win_amd64.whl", hash = "sha256:42f0660bce31b745eb9d23f094a332d31f210dcadd0fc8e5be7e4c62a87ce86b", size = 4342138, upload-time = "2025-06-26T01:53:22.095Z" },
]

[[package]]
name = "protobuf"
version = "6.32.0"
source = { registry = "https://pypi.org/simple" }
sdist = { url = "https://files.pythonhosted.org/packages/c0/df/fb4a8eeea482eca989b51cffd274aac2ee24e825f0bf3cbce5281fa1567b/protobuf-6.32.0.tar.gz", hash = "sha256:a81439049127067fc49ec1d36e25c6ee1d1a2b7be930675f919258d03c04e7d2", size = 440614, upload-time = "2025-08-14T21:21:25.015Z" }
wheels = [
    { url = "https://files.pythonhosted.org/packages/33/18/df8c87da2e47f4f1dcc5153a81cd6bca4e429803f4069a299e236e4dd510/protobuf-6.32.0-cp310-abi3-win32.whl", hash = "sha256:84f9e3c1ff6fb0308dbacb0950d8aa90694b0d0ee68e75719cb044b7078fe741", size = 424409, upload-time = "2025-08-14T21:21:12.366Z" },
    { url = "https://files.pythonhosted.org/packages/e1/59/0a820b7310f8139bd8d5a9388e6a38e1786d179d6f33998448609296c229/protobuf-6.32.0-cp310-abi3-win_amd64.whl", hash = "sha256:a8bdbb2f009cfc22a36d031f22a625a38b615b5e19e558a7b756b3279723e68e", size = 435735, upload-time = "2025-08-14T21:21:15.046Z" },
    { url = "https://files.pythonhosted.org/packages/cc/5b/0d421533c59c789e9c9894683efac582c06246bf24bb26b753b149bd88e4/protobuf-6.32.0-cp39-abi3-macosx_10_9_universal2.whl", hash = "sha256:d52691e5bee6c860fff9a1c86ad26a13afbeb4b168cd4445c922b7e2cf85aaf0", size = 426449, upload-time = "2025-08-14T21:21:16.687Z" },
    { url = "https://files.pythonhosted.org/packages/ec/7b/607764ebe6c7a23dcee06e054fd1de3d5841b7648a90fd6def9a3bb58c5e/protobuf-6.32.0-cp39-abi3-manylinux2014_aarch64.whl", hash = "sha256:501fe6372fd1c8ea2a30b4d9be8f87955a64d6be9c88a973996cef5ef6f0abf1", size = 322869, upload-time = "2025-08-14T21:21:18.282Z" },
    { url = "https://files.pythonhosted.org/packages/40/01/2e730bd1c25392fc32e3268e02446f0d77cb51a2c3a8486b1798e34d5805/protobuf-6.32.0-cp39-abi3-manylinux2014_x86_64.whl", hash = "sha256:75a2aab2bd1aeb1f5dc7c5f33bcb11d82ea8c055c9becbb41c26a8c43fd7092c", size = 322009, upload-time = "2025-08-14T21:21:19.893Z" },
    { url = "https://files.pythonhosted.org/packages/84/9c/244509764dc78d69e4a72bfe81b00f2691bdfcaffdb591a3e158695096d7/protobuf-6.32.0-cp39-cp39-win32.whl", hash = "sha256:7db8ed09024f115ac877a1427557b838705359f047b2ff2f2b2364892d19dacb", size = 424503, upload-time = "2025-08-14T21:21:21.328Z" },
    { url = "https://files.pythonhosted.org/packages/9b/6f/b1d90a22f619808cf6337aede0d6730af1849330f8dc4d434cfc4a8831b4/protobuf-6.32.0-cp39-cp39-win_amd64.whl", hash = "sha256:15eba1b86f193a407607112ceb9ea0ba9569aed24f93333fe9a497cf2fda37d3", size = 435822, upload-time = "2025-08-14T21:21:22.495Z" },
    { url = "https://files.pythonhosted.org/packages/9c/f2/80ffc4677aac1bc3519b26bc7f7f5de7fce0ee2f7e36e59e27d8beb32dd1/protobuf-6.32.0-py3-none-any.whl", hash = "sha256:ba377e5b67b908c8f3072a57b63e2c6a4cbd18aea4ed98d2584350dbf46f2783", size = 169287, upload-time = "2025-08-14T21:21:23.515Z" },
]

[[package]]
name = "types-protobuf"
version = "6.30.2.20250703"
source = { registry = "https://pypi.org/simple" }
sdist = { url = "https://files.pythonhosted.org/packages/dc/54/d63ce1eee8e93c4d710bbe2c663ec68e3672cf4f2fca26eecd20981c0c5d/types_protobuf-6.30.2.20250703.tar.gz", hash = "sha256:609a974754bbb71fa178fc641f51050395e8e1849f49d0420a6281ed8d1ddf46", size = 62300, upload-time = "2025-07-03T03:14:05.74Z" }
wheels = [
    { url = "https://files.pythonhosted.org/packages/7e/2b/5d0377c3d6e0f49d4847ad2c40629593fee4a5c9ec56eba26a15c708fbc0/types_protobuf-6.30.2.20250703-py3-none-any.whl", hash = "sha256:fa5aff9036e9ef432d703abbdd801b436a249b6802e4df5ef74513e272434e57", size = 76489, upload-time = "2025-07-03T03:14:04.453Z" },
]
