# Generated by buf. DO NOT EDIT.
version: v2
deps:
  - name: buf.build/bufbuild/bufplugin
    commit: 6d880cc6cc8d4131bdb5a51399df8faf
    digest: b5:78585a9600e67a5b27155d404558c84a54e90a03927e213f49ec1ac236fb6b578f1e3fb55d379a8db87ada874208aa6c5a1744654cad69f10809f52e2969f295
  - name: buf.build/bufbuild/protovalidate
    commit: d39267d9df8f4053bbac6b956a23169f
    digest: b5:c2542c2e9935dd9a7f12ef79f76aa5b53cf1c8312d720da54e03953f27ad952e2b439cbced06e3b4069e466bd9b64019cf9f687243ad51aa5dc2b5f364fac71e
  - name: buf.build/googleapis/googleapis
    commit: 751cbe31638d43a9bfb6162cd2352e67
    digest: b5:51ba5c31f244fd74420f0e66d13f2b5dd6024dcfe1a29dc45bd8f6e61c1444c828b9add9e7dd25a4513ebbee8097a970e0712a2e2cd955c2d60cf8905204f51a
